
Microsoft Visual Studio Solution File, Format Version 12.00
# Visual Studio Version 16
VisualStudioVersion = 16.0.31727.386
MinimumVisualStudioVersion = 10.0.40219.1
Project("{FAE04EC0-301F-11D3-BF4B-00C04F79EFBC}") = "GroupB_Project", "GroupB_Project\GroupB_Project.csproj", "{3789D982-C7F1-43BF-9FE6-CE9BF12E22E5}"
EndProject
Global
	GlobalSection(SolutionConfigurationPlatforms) = preSolution
		Debug|Any CPU = Debug|Any CPU
		Release|Any CPU = Release|Any CPU
	EndGlobalSection
	GlobalSection(ProjectConfigurationPlatforms) = postSolution
		{3789D982-C7F1-43BF-9FE6-CE9BF12E22E5}.Debug|Any CPU.ActiveCfg = Debug|Any CPU
		{3789D982-C7F1-43BF-9FE6-CE9BF12E22E5}.Debug|Any CPU.Build.0 = Debug|Any CPU
		{3789D982-C7F1-43BF-9FE6-CE9BF12E22E5}.Release|Any CPU.ActiveCfg = Release|Any CPU
		{3789D982-C7F1-43BF-9FE6-CE9BF12E22E5}.Release|Any CPU.Build.0 = Release|Any CPU
	EndGlobalSection
	GlobalSection(SolutionProperties) = preSolution
		HideSolutionNode = FALSE
	EndGlobalSection
	GlobalSection(ExtensibilityGlobals) = postSolution
		SolutionGuid = {B4BC2F6F-BC5A-4A2E-879E-8BB9BBFF93A0}
	EndGlobalSection
EndGlobal
